<?xml version="1.0" encoding="utf-8"?>
<Project ToolsVersion="4.0" xmlns="http://schemas.microsoft.com/developer/msbuild/2003">
  <ItemGroup>
    <Filter Include="Kusu">
      <UniqueIdentifier>{ED30887C-D967-890D-8254-6F106E6A050F}</UniqueIdentifier>
    </Filter>
  </ItemGroup>
  <ItemGroup>
    <ClInclude Include="src\Kusu.h" />
    <ClInclude Include="src\Kusu\Application.h">
      <Filter>Kusu</Filter>
    </ClInclude>
    <ClInclude Include="src\Kusu\Core.h">
      <Filter>Kusu</Filter>
    </ClInclude>
    <ClInclude Include="src\Kusu\EntryPoint.h">
      <Filter>Kusu</Filter>
    </ClInclude>
    <ClInclude Include="src\Kusu\Log.h">
      <Filter>Kusu</Filter>
    </ClInclude>
  </ItemGroup>
  <ItemGroup>
    <ClCompile Include="src\Kusu\Application.cpp">
      <Filter>Kusu</Filter>
    </ClCompile>
    <ClCompile Include="src\Kusu\Log.cpp">
      <Filter>Kusu</Filter>
    </ClCompile>
  </ItemGroup>
</Project>