<?xml version="1.0" encoding="utf-8"?>
<Project ToolsVersion="4.0" xmlns="http://schemas.microsoft.com/developer/msbuild/2003">
  <ItemGroup>
    <Filter Include="Kusu">
      <UniqueIdentifier>{ED30887C-D967-890D-8254-6F106E6A050F}</UniqueIdentifier>
    </Filter>
    <Filter Include="Kusu\Events">
      <UniqueIdentifier>{31F0D9EF-9DA5-52E5-269A-4CBC924E49E9}</UniqueIdentifier>
    </Filter>
    <Filter Include="Platform">
      <UniqueIdentifier>{2AC788B4-1694-E3BF-3FAD-D1672BD9184E}</UniqueIdentifier>
    </Filter>
    <Filter Include="Platform\Windows">
      <UniqueIdentifier>{64FBD71A-50F4-F66C-7926-DCF1657ED678}</UniqueIdentifier>
    </Filter>
  </ItemGroup>
  <ItemGroup>
    <ClInclude Include="src\Kusu.h" />
    <ClInclude Include="src\Kusu\Application.h">
      <Filter>Kusu</Filter>
    </ClInclude>
    <ClInclude Include="src\Kusu\Core.h">
      <Filter>Kusu</Filter>
    </ClInclude>
    <ClInclude Include="src\Kusu\EntryPoint.h">
      <Filter>Kusu</Filter>
    </ClInclude>
    <ClInclude Include="src\Kusu\Events\ApplicationEvent.h">
      <Filter>Kusu\Events</Filter>
    </ClInclude>
    <ClInclude Include="src\Kusu\Events\Event.h">
      <Filter>Kusu\Events</Filter>
    </ClInclude>
    <ClInclude Include="src\Kusu\Events\KeyEvent.h">
      <Filter>Kusu\Events</Filter>
    </ClInclude>
    <ClInclude Include="src\Kusu\Events\MouseEvent.h">
      <Filter>Kusu\Events</Filter>
    </ClInclude>
    <ClInclude Include="src\Kusu\Layer.h">
      <Filter>Kusu</Filter>
    </ClInclude>
    <ClInclude Include="src\Kusu\LayerStack.h">
      <Filter>Kusu</Filter>
    </ClInclude>
    <ClInclude Include="src\Kusu\Log.h">
      <Filter>Kusu</Filter>
    </ClInclude>
    <ClInclude Include="src\Kusu\Window.h">
      <Filter>Kusu</Filter>
    </ClInclude>
    <ClInclude Include="src\Platform\Windows\WindowsWindow.h">
      <Filter>Platform\Windows</Filter>
    </ClInclude>
    <ClInclude Include="src\kspch.h" />
    <ClInclude Include="src\Kusu\ImGui\ImGuiLayer.h" />
    <ClInclude Include="src\Platform\OpenGL\ImGuiOpenGLRenderer.h" />
  </ItemGroup>
  <ItemGroup>
    <ClCompile Include="src\Kusu\Application.cpp">
      <Filter>Kusu</Filter>
    </ClCompile>
    <ClCompile Include="src\Kusu\Layer.cpp">
      <Filter>Kusu</Filter>
    </ClCompile>
    <ClCompile Include="src\Kusu\LayerStack.cpp">
      <Filter>Kusu</Filter>
    </ClCompile>
    <ClCompile Include="src\Kusu\Log.cpp">
      <Filter>Kusu</Filter>
    </ClCompile>
    <ClCompile Include="src\Platform\Windows\WindowsWindow.cpp">
      <Filter>Platform\Windows</Filter>
    </ClCompile>
    <ClCompile Include="src\kspch.cpp" />
    <ClCompile Include="src\Kusu\ImGui\ImGuiLayer.cpp" />
    <ClCompile Include="src\Platform\OpenGL\ImGuiOpenGLRenderer.cpp" />
  </ItemGroup>
</Project>